PODS:
  - Capacitor (6.2.1):
    - CapacitorCordova
  - CapacitorCordova (6.2.1)
  - Intercom (18.7.1)

DEPENDENCIES:
  - "Capacitor (from `../node_modules/@capacitor/ios`)"
  - "CapacitorCordova (from `../node_modules/@capacitor/ios`)"
  - Intercom (~> 18.0)

SPEC REPOS:
  trunk:
    - Intercom

EXTERNAL SOURCES:
  Capacitor:
    :path: "../node_modules/@capacitor/ios"
  CapacitorCordova:
    :path: "../node_modules/@capacitor/ios"

SPEC CHECKSUMS:
  Capacitor: c95400d761e376be9da6be5a05f226c0e865cebf
  CapacitorCordova: 8d93e14982f440181be7304aa9559ca631d77fff
  Intercom: 5820c86886bfe58ea1fb39b13b51fcab3218db50

PODFILE CHECKSUM: 2499addb4036add98fc00e662b774a5e31e17a16

COCOAPODS: 1.16.2
